// !$*UTF8*$!
{
	archiveVersion = 1;
	classes = {
	};
	objectVersion = 56;
	objects = {

/* Begin PBXBuildFile section */
		02098CC02B04894400B2E48F /* SecondViewController.swift in Sources */ = {isa = PBXBuildFile; fileRef = 02098CBF2B04894400B2E48F /* SecondViewController.swift */; };
		022DD2682AFFD703008A081E /* FightingViewController.swift in Sources */ = {isa = PBXBuildFile; fileRef = 022DD2672AFFD703008A081E /* FightingViewController.swift */; };
		022DD26D2AFFD7FD008A081E /* SnapKit in Frameworks */ = {isa = PBXBuildFile; productRef = 022DD26C2AFFD7FD008A081E /* SnapKit */; };
		02349F832AFB4DF5008AD0C8 /* AppDelegate.swift in Sources */ = {isa = PBXBuildFile; fileRef = 02349F822AFB4DF5008AD0C8 /* AppDelegate.swift */; };
		02349F852AFB4DF5008AD0C8 /* SceneDelegate.swift in Sources */ = {isa = PBXBuildFile; fileRef = 02349F842AFB4DF5008AD0C8 /* SceneDelegate.swift */; };
		02349F872AFB4DF5008AD0C8 /* FirstViewController.swift in Sources */ = {isa = PBXBuildFile; fileRef = 02349F862AFB4DF5008AD0C8 /* FirstViewController.swift */; };
		02349F8C2AFB4DF7008AD0C8 /* Assets.xcassets in Resources */ = {isa = PBXBuildFile; fileRef = 02349F8B2AFB4DF7008AD0C8 /* Assets.xcassets */; };
		02349F8F2AFB4DF7008AD0C8 /* LaunchScreen.storyboard in Resources */ = {isa = PBXBuildFile; fileRef = 02349F8D2AFB4DF7008AD0C8 /* LaunchScreen.storyboard */; };
		0246260A2B132FCD009B9426 /* Fighting3ViewController.swift in Sources */ = {isa = PBXBuildFile; fileRef = 024626092B132FCD009B9426 /* Fighting3ViewController.swift */; };
		026D0C5E2B0DD43400CF05E7 /* ThridViewController.swift in Sources */ = {isa = PBXBuildFile; fileRef = 026D0C5D2B0DD43400CF05E7 /* ThridViewController.swift */; };
		02C21BEA2B0912EC006A2F26 /* ReferenceCode.swift in Sources */ = {isa = PBXBuildFile; fileRef = 02C21BE92B0912EC006A2F26 /* ReferenceCode.swift */; };
		02C21BEC2B09229C006A2F26 /* StartViewController.swift in Sources */ = {isa = PBXBuildFile; fileRef = 02C21BEB2B09229C006A2F26 /* StartViewController.swift */; };
		02C21BEE2B09E843006A2F26 /* Fighting2ViewController.swift in Sources */ = {isa = PBXBuildFile; fileRef = 02C21BED2B09E843006A2F26 /* Fighting2ViewController.swift */; };
/* End PBXBuildFile section */

/* Begin PBXFileReference section */
		02098CBF2B04894400B2E48F /* SecondViewController.swift */ = {isa = PBXFileReference; lastKnownFileType = sourcecode.swift; path = SecondViewController.swift; sourceTree = "<group>"; };
		022DD2672AFFD703008A081E /* FightingViewController.swift */ = {isa = PBXFileReference; lastKnownFileType = sourcecode.swift; path = FightingViewController.swift; sourceTree = "<group>"; };
		02349F7F2AFB4DF5008AD0C8 /* Animation-Study.app */ = {isa = PBXFileReference; explicitFileType = wrapper.application; includeInIndex = 0; path = "Animation-Study.app"; sourceTree = BUILT_PRODUCTS_DIR; };
		02349F822AFB4DF5008AD0C8 /* AppDelegate.swift */ = {isa = PBXFileReference; lastKnownFileType = sourcecode.swift; path = AppDelegate.swift; sourceTree = "<group>"; };
		02349F842AFB4DF5008AD0C8 /* SceneDelegate.swift */ = {isa = PBXFileReference; lastKnownFileType = sourcecode.swift; path = SceneDelegate.swift; sourceTree = "<group>"; };
		02349F862AFB4DF5008AD0C8 /* FirstViewController.swift */ = {isa = PBXFileReference; lastKnownFileType = sourcecode.swift; path = FirstViewController.swift; sourceTree = "<group>"; };
		02349F8B2AFB4DF7008AD0C8 /* Assets.xcassets */ = {isa = PBXFileReference; lastKnownFileType = folder.assetcatalog; path = Assets.xcassets; sourceTree = "<group>"; };
		02349F8E2AFB4DF7008AD0C8 /* Base */ = {isa = PBXFileReference; lastKnownFileType = file.storyboard; name = Base; path = Base.lproj/LaunchScreen.storyboard; sourceTree = "<group>"; };
		02349F902AFB4DF7008AD0C8 /* Info.plist */ = {isa = PBXFileReference; lastKnownFileType = text.plist.xml; path = Info.plist; sourceTree = "<group>"; };
		024626092B132FCD009B9426 /* Fighting3ViewController.swift */ = {isa = PBXFileReference; lastKnownFileType = sourcecode.swift; path = Fighting3ViewController.swift; sourceTree = "<group>"; };
		026D0C5D2B0DD43400CF05E7 /* ThridViewController.swift */ = {isa = PBXFileReference; lastKnownFileType = sourcecode.swift; path = ThridViewController.swift; sourceTree = "<group>"; };
		02C21BE92B0912EC006A2F26 /* ReferenceCode.swift */ = {isa = PBXFileReference; lastKnownFileType = sourcecode.swift; path = ReferenceCode.swift; sourceTree = "<group>"; };
		02C21BEB2B09229C006A2F26 /* StartViewController.swift */ = {isa = PBXFileReference; lastKnownFileType = sourcecode.swift; path = StartViewController.swift; sourceTree = "<group>"; };
		02C21BED2B09E843006A2F26 /* Fighting2ViewController.swift */ = {isa = PBXFileReference; lastKnownFileType = sourcecode.swift; path = Fighting2ViewController.swift; sourceTree = "<group>"; };
/* End PBXFileReference section */

/* Begin PBXFrameworksBuildPhase section */
		02349F7C2AFB4DF5008AD0C8 /* Frameworks */ = {
			isa = PBXFrameworksBuildPhase;
			buildActionMask = 2147483647;
			files = (
				022DD26D2AFFD7FD008A081E /* SnapKit in Frameworks */,
			);
			runOnlyForDeploymentPostprocessing = 0;
		};
/* End PBXFrameworksBuildPhase section */

/* Begin PBXGroup section */
		02098CBE2B04892300B2E48F /* week2 */ = {
			isa = PBXGroup;
			children = (
				02098CBF2B04894400B2E48F /* SecondViewController.swift */,
				02C21BE92B0912EC006A2F26 /* ReferenceCode.swift */,
				02C21BEB2B09229C006A2F26 /* StartViewController.swift */,
				02C21BED2B09E843006A2F26 /* Fighting2ViewController.swift */,
			);
			path = week2;
			sourceTree = "<group>";
		};
		022DD2662AFFD6A0008A081E /* week1 */ = {
			isa = PBXGroup;
			children = (
				022DD2672AFFD703008A081E /* FightingViewController.swift */,
				02349F862AFB4DF5008AD0C8 /* FirstViewController.swift */,
			);
			path = week1;
			sourceTree = "<group>";
		};
		02349F762AFB4DF5008AD0C8 = {
			isa = PBXGroup;
			children = (
				02349F812AFB4DF5008AD0C8 /* Animation-Study */,
				02349F802AFB4DF5008AD0C8 /* Products */,
			);
			sourceTree = "<group>";
		};
		02349F802AFB4DF5008AD0C8 /* Products */ = {
			isa = PBXGroup;
			children = (
				02349F7F2AFB4DF5008AD0C8 /* Animation-Study.app */,
			);
			name = Products;
			sourceTree = "<group>";
		};
		02349F812AFB4DF5008AD0C8 /* Animation-Study */ = {
			isa = PBXGroup;
			children = (
				026D0C5C2B0DD40A00CF05E7 /* week3 */,
				02098CBE2B04892300B2E48F /* week2 */,
				022DD2662AFFD6A0008A081E /* week1 */,
				02349F822AFB4DF5008AD0C8 /* AppDelegate.swift */,
				02349F842AFB4DF5008AD0C8 /* SceneDelegate.swift */,
				02349F8B2AFB4DF7008AD0C8 /* Assets.xcassets */,
				02349F8D2AFB4DF7008AD0C8 /* LaunchScreen.storyboard */,
				02349F902AFB4DF7008AD0C8 /* Info.plist */,
			);
			path = "Animation-Study";
			sourceTree = "<group>";
		};
		026D0C5C2B0DD40A00CF05E7 /* week3 */ = {
			isa = PBXGroup;
			children = (
				026D0C5D2B0DD43400CF05E7 /* ThridViewController.swift */,
				024626092B132FCD009B9426 /* Fighting3ViewController.swift */,
			);
			path = week3;
			sourceTree = "<group>";
		};
/* End PBXGroup section */

/* Begin PBXNativeTarget section */
		02349F7E2AFB4DF5008AD0C8 /* Animation-Study */ = {
			isa = PBXNativeTarget;
			buildConfigurationList = 02349F932AFB4DF7008AD0C8 /* Build configuration list for PBXNativeTarget "Animation-Study" */;
			buildPhases = (
				02349F7B2AFB4DF5008AD0C8 /* Sources */,
				02349F7C2AFB4DF5008AD0C8 /* Frameworks */,
				02349F7D2AFB4DF5008AD0C8 /* Resources */,
			);
			buildRules = (
			);
			dependencies = (
			);
			name = "Animation-Study";
			packageProductDependencies = (
				022DD26C2AFFD7FD008A081E /* SnapKit */,
			);
			productName = "Animation-Study";
			productReference = 02349F7F2AFB4DF5008AD0C8 /* Animation-Study.app */;
			productType = "com.apple.product-type.application";
		};
/* End PBXNativeTarget section */

/* Begin PBXProject section */
		02349F772AFB4DF5008AD0C8 /* Project object */ = {
			isa = PBXProject;
			attributes = {
				BuildIndependentTargetsInParallel = 1;
				LastSwiftUpdateCheck = 1430;
				LastUpgradeCheck = 1430;
				TargetAttributes = {
					02349F7E2AFB4DF5008AD0C8 = {
						CreatedOnToolsVersion = 14.3.1;
					};
				};
			};
			buildConfigurationList = 02349F7A2AFB4DF5008AD0C8 /* Build configuration list for PBXProject "Animation-Study" */;
			compatibilityVersion = "Xcode 14.0";
			developmentRegion = en;
			hasScannedForEncodings = 0;
			knownRegions = (
				en,
				Base,
			);
			mainGroup = 02349F762AFB4DF5008AD0C8;
			packageReferences = (
				022DD26B2AFFD7FD008A081E /* XCRemoteSwiftPackageReference "SnapKit" */,
			);
			productRefGroup = 02349F802AFB4DF5008AD0C8 /* Products */;
			projectDirPath = "";
			projectRoot = "";
			targets = (
				02349F7E2AFB4DF5008AD0C8 /* Animation-Study */,
			);
		};
/* End PBXProject section */

/* Begin PBXResourcesBuildPhase section */
		02349F7D2AFB4DF5008AD0C8 /* Resources */ = {
			isa = PBXResourcesBuildPhase;
			buildActionMask = 2147483647;
			files = (
				02349F8F2AFB4DF7008AD0C8 /* LaunchScreen.storyboard in Resources */,
				02349F8C2AFB4DF7008AD0C8 /* Assets.xcassets in Resources */,
			);
			runOnlyForDeploymentPostprocessing = 0;
		};
/* End PBXResourcesBuildPhase section */

/* Begin PBXSourcesBuildPhase section */
		02349F7B2AFB4DF5008AD0C8 /* Sources */ = {
			isa = PBXSourcesBuildPhase;
			buildActionMask = 2147483647;
			files = (
				02349F872AFB4DF5008AD0C8 /* FirstViewController.swift in Sources */,
				02C21BEE2B09E843006A2F26 /* Fighting2ViewController.swift in Sources */,
				02C21BEC2B09229C006A2F26 /* StartViewController.swift in Sources */,
				026D0C5E2B0DD43400CF05E7 /* ThridViewController.swift in Sources */,
				02349F832AFB4DF5008AD0C8 /* AppDelegate.swift in Sources */,
				022DD2682AFFD703008A081E /* FightingViewController.swift in Sources */,
				0246260A2B132FCD009B9426 /* Fighting3ViewController.swift in Sources */,
				02098CC02B04894400B2E48F /* SecondViewController.swift in Sources */,
				02C21BEA2B0912EC006A2F26 /* ReferenceCode.swift in Sources */,
				02349F852AFB4DF5008AD0C8 /* SceneDelegate.swift in Sources */,
			);
			runOnlyForDeploymentPostprocessing = 0;
		};
/* End PBXSourcesBuildPhase section */

/* Begin PBXVariantGroup section */
		02349F8D2AFB4DF7008AD0C8 /* LaunchScreen.storyboard */ = {
			isa = PBXVariantGroup;
			children = (
				02349F8E2AFB4DF7008AD0C8 /* Base */,
			);
			name = LaunchScreen.storyboard;
			sourceTree = "<group>";
		};
/* End PBXVariantGroup section */

/* Begin XCBuildConfiguration section */
		02349F912AFB4DF7008AD0C8 /* Debug */ = {
			isa = XCBuildConfiguration;
			buildSettings = {
				ALWAYS_SEARCH_USER_PATHS = NO;
				CLANG_ANALYZER_NONNULL = YES;
				CLANG_ANALYZER_NUMBER_OBJECT_CONVERSION = YES_AGGRESSIVE;
				CLANG_CXX_LANGUAGE_STANDARD = "gnu++20";
				CLANG_ENABLE_MODULES = YES;
				CLANG_ENABLE_OBJC_ARC = YES;
				CLANG_ENABLE_OBJC_WEAK = YES;
				CLANG_WARN_BLOCK_CAPTURE_AUTORELEASING = YES;
				CLANG_WARN_BOOL_CONVERSION = YES;
				CLANG_WARN_COMMA = YES;
				CLANG_WARN_CONSTANT_CONVERSION = YES;
				CLANG_WARN_DEPRECATED_OBJC_IMPLEMENTATIONS = YES;
				CLANG_WARN_DIRECT_OBJC_ISA_USAGE = YES_ERROR;
				CLANG_WARN_DOCUMENTATION_COMMENTS = YES;
				CLANG_WARN_EMPTY_BODY = YES;
				CLANG_WARN_ENUM_CONVERSION = YES;
				CLANG_WARN_INFINITE_RECURSION = YES;
				CLANG_WARN_INT_CONVERSION = YES;
				CLANG_WARN_NON_LITERAL_NULL_CONVERSION = YES;
				CLANG_WARN_OBJC_IMPLICIT_RETAIN_SELF = YES;
				CLANG_WARN_OBJC_LITERAL_CONVERSION = YES;
				CLANG_WARN_OBJC_ROOT_CLASS = YES_ERROR;
				CLANG_WARN_QUOTED_INCLUDE_IN_FRAMEWORK_HEADER = YES;
				CLANG_WARN_RANGE_LOOP_ANALYSIS = YES;
				CLANG_WARN_STRICT_PROTOTYPES = YES;
				CLANG_WARN_SUSPICIOUS_MOVE = YES;
				CLANG_WARN_UNGUARDED_AVAILABILITY = YES_AGGRESSIVE;
				CLANG_WARN_UNREACHABLE_CODE = YES;
				CLANG_WARN__DUPLICATE_METHOD_MATCH = YES;
				COPY_PHASE_STRIP = NO;
				DEBUG_INFORMATION_FORMAT = dwarf;
				ENABLE_STRICT_OBJC_MSGSEND = YES;
				ENABLE_TESTABILITY = YES;
				GCC_C_LANGUAGE_STANDARD = gnu11;
				GCC_DYNAMIC_NO_PIC = NO;
				GCC_NO_COMMON_BLOCKS = YES;
				GCC_OPTIMIZATION_LEVEL = 0;
				GCC_PREPROCESSOR_DEFINITIONS = (
					"DEBUG=1",
					"$(inherited)",
				);
				GCC_WARN_64_TO_32_BIT_CONVERSION = YES;
				GCC_WARN_ABOUT_RETURN_TYPE = YES_ERROR;
				GCC_WARN_UNDECLARED_SELECTOR = YES;
				GCC_WARN_UNINITIALIZED_AUTOS = YES_AGGRESSIVE;
				GCC_WARN_UNUSED_FUNCTION = YES;
				GCC_WARN_UNUSED_VARIABLE = YES;
				IPHONEOS_DEPLOYMENT_TARGET = 16.4;
				MTL_ENABLE_DEBUG_INFO = INCLUDE_SOURCE;
				MTL_FAST_MATH = YES;
				ONLY_ACTIVE_ARCH = YES;
				SDKROOT = iphoneos;
				SWIFT_ACTIVE_COMPILATION_CONDITIONS = DEBUG;
				SWIFT_OPTIMIZATION_LEVEL = "-Onone";
			};
			name = Debug;
		};
		02349F922AFB4DF7008AD0C8 /* Release */ = {
			isa = XCBuildConfiguration;
			buildSettings = {
				ALWAYS_SEARCH_USER_PATHS = NO;
				CLANG_ANALYZER_NONNULL = YES;
				CLANG_ANALYZER_NUMBER_OBJECT_CONVERSION = YES_AGGRESSIVE;
				CLANG_CXX_LANGUAGE_STANDARD = "gnu++20";
				CLANG_ENABLE_MODULES = YES;
				CLANG_ENABLE_OBJC_ARC = YES;
				CLANG_ENABLE_OBJC_WEAK = YES;
				CLANG_WARN_BLOCK_CAPTURE_AUTORELEASING = YES;
				CLANG_WARN_BOOL_CONVERSION = YES;
				CLANG_WARN_COMMA = YES;
				CLANG_WARN_CONSTANT_CONVERSION = YES;
				CLANG_WARN_DEPRECATED_OBJC_IMPLEMENTATIONS = YES;
				CLANG_WARN_DIRECT_OBJC_ISA_USAGE = YES_ERROR;
				CLANG_WARN_DOCUMENTATION_COMMENTS = YES;
				CLANG_WARN_EMPTY_BODY = YES;
				CLANG_WARN_ENUM_CONVERSION = YES;
				CLANG_WARN_INFINITE_RECURSION = YES;
				CLANG_WARN_INT_CONVERSION = YES;
				CLANG_WARN_NON_LITERAL_NULL_CONVERSION = YES;
				CLANG_WARN_OBJC_IMPLICIT_RETAIN_SELF = YES;
				CLANG_WARN_OBJC_LITERAL_CONVERSION = YES;
				CLANG_WARN_OBJC_ROOT_CLASS = YES_ERROR;
				CLANG_WARN_QUOTED_INCLUDE_IN_FRAMEWORK_HEADER = YES;
				CLANG_WARN_RANGE_LOOP_ANALYSIS = YES;
				CLANG_WARN_STRICT_PROTOTYPES = YES;
				CLANG_WARN_SUSPICIOUS_MOVE = YES;
				CLANG_WARN_UNGUARDED_AVAILABILITY = YES_AGGRESSIVE;
				CLANG_WARN_UNREACHABLE_CODE = YES;
				CLANG_WARN__DUPLICATE_METHOD_MATCH = YES;
				COPY_PHASE_STRIP = NO;
				DEBUG_INFORMATION_FORMAT = "dwarf-with-dsym";
				ENABLE_NS_ASSERTIONS = NO;
				ENABLE_STRICT_OBJC_MSGSEND = YES;
				GCC_C_LANGUAGE_STANDARD = gnu11;
				GCC_NO_COMMON_BLOCKS = YES;
				GCC_WARN_64_TO_32_BIT_CONVERSION = YES;
				GCC_WARN_ABOUT_RETURN_TYPE = YES_ERROR;
				GCC_WARN_UNDECLARED_SELECTOR = YES;
				GCC_WARN_UNINITIALIZED_AUTOS = YES_AGGRESSIVE;
				GCC_WARN_UNUSED_FUNCTION = YES;
				GCC_WARN_UNUSED_VARIABLE = YES;
				IPHONEOS_DEPLOYMENT_TARGET = 16.4;
				MTL_ENABLE_DEBUG_INFO = NO;
				MTL_FAST_MATH = YES;
				SDKROOT = iphoneos;
				SWIFT_COMPILATION_MODE = wholemodule;
				SWIFT_OPTIMIZATION_LEVEL = "-O";
				VALIDATE_PRODUCT = YES;
			};
			name = Release;
		};
		02349F942AFB4DF7008AD0C8 /* Debug */ = {
			isa = XCBuildConfiguration;
			buildSettings = {
				ASSETCATALOG_COMPILER_APPICON_NAME = AppIcon;
				ASSETCATALOG_COMPILER_GLOBAL_ACCENT_COLOR_NAME = AccentColor;
				CODE_SIGN_STYLE = Automatic;
				CURRENT_PROJECT_VERSION = 1;
				DEVELOPMENT_TEAM = SP5RUYUBZY;
				GENERATE_INFOPLIST_FILE = YES;
				INFOPLIST_FILE = "Animation-Study/Info.plist";
				INFOPLIST_KEY_UIApplicationSupportsIndirectInputEvents = YES;
				INFOPLIST_KEY_UILaunchStoryboardName = LaunchScreen;
				INFOPLIST_KEY_UISupportedInterfaceOrientations_iPad = "UIInterfaceOrientationPortrait UIInterfaceOrientationPortraitUpsideDown UIInterfaceOrientationLandscapeLeft UIInterfaceOrientationLandscapeRight";
				INFOPLIST_KEY_UISupportedInterfaceOrientations_iPhone = "UIInterfaceOrientationPortrait UIInterfaceOrientationLandscapeLeft UIInterfaceOrientationLandscapeRight";
				LD_RUNPATH_SEARCH_PATHS = (
					"$(inherited)",
					"@executable_path/Frameworks",
				);
				MARKETING_VERSION = 1.0;
				PRODUCT_BUNDLE_IDENTIFIER = "net.joeun.Animation-Study";
				PRODUCT_NAME = "$(TARGET_NAME)";
				SWIFT_EMIT_LOC_STRINGS = YES;
				SWIFT_VERSION = 5.0;
				TARGETED_DEVICE_FAMILY = "1,2";
			};
			name = Debug;
		};
		02349F952AFB4DF7008AD0C8 /* Release */ = {
			isa = XCBuildConfiguration;
			buildSettings = {
				ASSETCATALOG_COMPILER_APPICON_NAME = AppIcon;
				ASSETCATALOG_COMPILER_GLOBAL_ACCENT_COLOR_NAME = AccentColor;
				CODE_SIGN_STYLE = Automatic;
				CURRENT_PROJECT_VERSION = 1;
				DEVELOPMENT_TEAM = SP5RUYUBZY;
				GENERATE_INFOPLIST_FILE = YES;
				INFOPLIST_FILE = "Animation-Study/Info.plist";
				INFOPLIST_KEY_UIApplicationSupportsIndirectInputEvents = YES;
				INFOPLIST_KEY_UILaunchStoryboardName = LaunchScreen;
				INFOPLIST_KEY_UISupportedInterfaceOrientations_iPad = "UIInterfaceOrientationPortrait UIInterfaceOrientationPortraitUpsideDown UIInterfaceOrientationLandscapeLeft UIInterfaceOrientationLandscapeRight";
				INFOPLIST_KEY_UISupportedInterfaceOrientations_iPhone = "UIInterfaceOrientationPortrait UIInterfaceOrientationLandscapeLeft UIInterfaceOrientationLandscapeRight";
				LD_RUNPATH_SEARCH_PATHS = (
					"$(inherited)",
					"@executable_path/Frameworks",
				);
				MARKETING_VERSION = 1.0;
				PRODUCT_BUNDLE_IDENTIFIER = "net.joeun.Animation-Study";
				PRODUCT_NAME = "$(TARGET_NAME)";
				SWIFT_EMIT_LOC_STRINGS = YES;
				SWIFT_VERSION = 5.0;
				TARGETED_DEVICE_FAMILY = "1,2";
			};
			name = Release;
		};
/* End XCBuildConfiguration section */

/* Begin XCConfigurationList section */
		02349F7A2AFB4DF5008AD0C8 /* Build configuration list for PBXProject "Animation-Study" */ = {
			isa = XCConfigurationList;
			buildConfigurations = (
				02349F912AFB4DF7008AD0C8 /* Debug */,
				02349F922AFB4DF7008AD0C8 /* Release */,
			);
			defaultConfigurationIsVisible = 0;
			defaultConfigurationName = Release;
		};
		02349F932AFB4DF7008AD0C8 /* Build configuration list for PBXNativeTarget "Animation-Study" */ = {
			isa = XCConfigurationList;
			buildConfigurations = (
				02349F942AFB4DF7008AD0C8 /* Debug */,
				02349F952AFB4DF7008AD0C8 /* Release */,
			);
			defaultConfigurationIsVisible = 0;
			defaultConfigurationName = Release;
		};
/* End XCConfigurationList section */

/* Begin XCRemoteSwiftPackageReference section */
		022DD26B2AFFD7FD008A081E /* XCRemoteSwiftPackageReference "SnapKit" */ = {
			isa = XCRemoteSwiftPackageReference;
			repositoryURL = "https://github.com/SnapKit/SnapKit.git";
			requirement = {
				kind = upToNextMajorVersion;
				minimumVersion = 5.0.0;
			};
		};
/* End XCRemoteSwiftPackageReference section */

/* Begin XCSwiftPackageProductDependency section */
		022DD26C2AFFD7FD008A081E /* SnapKit */ = {
			isa = XCSwiftPackageProductDependency;
			package = 022DD26B2AFFD7FD008A081E /* XCRemoteSwiftPackageReference "SnapKit" */;
			productName = SnapKit;
		};
/* End XCSwiftPackageProductDependency section */
	};
	rootObject = 02349F772AFB4DF5008AD0C8 /* Project object */;
}
